// !$*UTF8*$!
{
	archiveVersion = 1;
	classes = {
	};
	objectVersion = 46;
	objects = {

/* Begin PBXBuildFile section */
		C392FD6F1A81EA8000D1079A /* NoticeView.m in Sources */ = {isa = PBXBuildFile; fileRef = C392FD6E1A81EA8000D1079A /* NoticeView.m */; };
		C3D6B1121A805B7900FC521B /* main.m in Sources */ = {isa = PBXBuildFile; fileRef = C3D6B1111A805B7900FC521B /* main.m */; };
		C3D6B1151A805B7900FC521B /* AppDelegate.m in Sources */ = {isa = PBXBuildFile; fileRef = C3D6B1141A805B7900FC521B /* AppDelegate.m */; };
		C3D6B1181A805B7900FC521B /* ViewController.m in Sources */ = {isa = PBXBuildFile; fileRef = C3D6B1171A805B7900FC521B /* ViewController.m */; };
		C3D6B11B1A805B7900FC521B /* Main.storyboard in Resources */ = {isa = PBXBuildFile; fileRef = C3D6B1191A805B7900FC521B /* Main.storyboard */; };
		C3D6B11D1A805B7900FC521B /* Images.xcassets in Resources */ = {isa = PBXBuildFile; fileRef = C3D6B11C1A805B7900FC521B /* Images.xcassets */; };
		C3D6B1201A805B7900FC521B /* LaunchScreen.xib in Resources */ = {isa = PBXBuildFile; fileRef = C3D6B11E1A805B7900FC521B /* LaunchScreen.xib */; };
		C3D6B12C1A805B7900FC521B /* NoticeDemoTests.m in Sources */ = {isa = PBXBuildFile; fileRef = C3D6B12B1A805B7900FC521B /* NoticeDemoTests.m */; };
		C3D6B13B1A805BE900FC521B /* btn_style107_normal.png in Resources */ = {isa = PBXBuildFile; fileRef = C3D6B1361A805BE900FC521B /* btn_style107_normal.png */; };
		C3D6B13C1A805BE900FC521B /* btn_style107_press.png in Resources */ = {isa = PBXBuildFile; fileRef = C3D6B1371A805BE900FC521B /* btn_style107_press.png */; };
		C3D6B13D1A805BE900FC521B /* btn_style122_normal.png in Resources */ = {isa = PBXBuildFile; fileRef = C3D6B1381A805BE900FC521B /* btn_style122_normal.png */; };
		C3D6B13E1A805BE900FC521B /* btn_style122_press.png in Resources */ = {isa = PBXBuildFile; fileRef = C3D6B1391A805BE900FC521B /* btn_style122_press.png */; };
		C3D6B13F1A805BE900FC521B /* notice_bg.png in Resources */ = {isa = PBXBuildFile; fileRef = C3D6B13A1A805BE900FC521B /* notice_bg.png */; };
		C3D6B1421A805E4100FC521B /* NoticeViewController.m in Sources */ = {isa = PBXBuildFile; fileRef = C3D6B1411A805E4100FC521B /* NoticeViewController.m */; };
/* End PBXBuildFile section */

/* Begin PBXContainerItemProxy section */
		C3D6B1261A805B7900FC521B /* PBXContainerItemProxy */ = {
			isa = PBXContainerItemProxy;
			containerPortal = C3D6B1041A805B7800FC521B /* Project object */;
			proxyType = 1;
			remoteGlobalIDString = C3D6B10B1A805B7800FC521B;
			remoteInfo = NoticeDemo;
		};
/* End PBXContainerItemProxy section */

/* Begin PBXFileReference section */
		C392FD6D1A81EA8000D1079A /* NoticeView.h */ = {isa = PBXFileReference; fileEncoding = 4; lastKnownFileType = sourcecode.c.h; path = NoticeView.h; sourceTree = "<group>"; };
		C392FD6E1A81EA8000D1079A /* NoticeView.m */ = {isa = PBXFileReference; fileEncoding = 4; lastKnownFileType = sourcecode.c.objc; path = NoticeView.m; sourceTree = "<group>"; };
		C3D6B10C1A805B7900FC521B /* NoticeDemo.app */ = {isa = PBXFileReference; explicitFileType = wrapper.application; includeInIndex = 0; path = NoticeDemo.app; sourceTree = BUILT_PRODUCTS_DIR; };
		C3D6B1101A805B7900FC521B /* Info.plist */ = {isa = PBXFileReference; lastKnownFileType = text.plist.xml; path = Info.plist; sourceTree = "<group>"; };
		C3D6B1111A805B7900FC521B /* main.m */ = {isa = PBXFileReference; lastKnownFileType = sourcecode.c.objc; path = main.m; sourceTree = "<group>"; };
		C3D6B1131A805B7900FC521B /* AppDelegate.h */ = {isa = PBXFileReference; lastKnownFileType = sourcecode.c.h; path = AppDelegate.h; sourceTree = "<group>"; };
		C3D6B1141A805B7900FC521B /* AppDelegate.m */ = {isa = PBXFileReference; lastKnownFileType = sourcecode.c.objc; path = AppDelegate.m; sourceTree = "<group>"; };
		C3D6B1161A805B7900FC521B /* ViewController.h */ = {isa = PBXFileReference; lastKnownFileType = sourcecode.c.h; path = ViewController.h; sourceTree = "<group>"; };
		C3D6B1171A805B7900FC521B /* ViewController.m */ = {isa = PBXFileReference; lastKnownFileType = sourcecode.c.objc; path = ViewController.m; sourceTree = "<group>"; };
		C3D6B11A1A805B7900FC521B /* Base */ = {isa = PBXFileReference; lastKnownFileType = file.storyboard; name = Base; path = Base.lproj/Main.storyboard; sourceTree = "<group>"; };
		C3D6B11C1A805B7900FC521B /* Images.xcassets */ = {isa = PBXFileReference; lastKnownFileType = folder.assetcatalog; path = Images.xcassets; sourceTree = "<group>"; };
		C3D6B11F1A805B7900FC521B /* Base */ = {isa = PBXFileReference; lastKnownFileType = file.xib; name = Base; path = Base.lproj/LaunchScreen.xib; sourceTree = "<group>"; };
		C3D6B1251A805B7900FC521B /* NoticeDemoTests.xctest */ = {isa = PBXFileReference; explicitFileType = wrapper.cfbundle; includeInIndex = 0; path = NoticeDemoTests.xctest; sourceTree = BUILT_PRODUCTS_DIR; };
		C3D6B12A1A805B7900FC521B /* Info.plist */ = {isa = PBXFileReference; lastKnownFileType = text.plist.xml; path = Info.plist; sourceTree = "<group>"; };
		C3D6B12B1A805B7900FC521B /* NoticeDemoTests.m */ = {isa = PBXFileReference; lastKnownFileType = sourcecode.c.objc; path = NoticeDemoTests.m; sourceTree = "<group>"; };
		C3D6B1361A805BE900FC521B /* btn_style107_normal.png */ = {isa = PBXFileReference; lastKnownFileType = image.png; path = btn_style107_normal.png; sourceTree = "<group>"; };
		C3D6B1371A805BE900FC521B /* btn_style107_press.png */ = {isa = PBXFileReference; lastKnownFileType = image.png; path = btn_style107_press.png; sourceTree = "<group>"; };
		C3D6B1381A805BE900FC521B /* btn_style122_normal.png */ = {isa = PBXFileReference; lastKnownFileType = image.png; path = btn_style122_normal.png; sourceTree = "<group>"; };
		C3D6B1391A805BE900FC521B /* btn_style122_press.png */ = {isa = PBXFileReference; lastKnownFileType = image.png; path = btn_style122_press.png; sourceTree = "<group>"; };
		C3D6B13A1A805BE900FC521B /* notice_bg.png */ = {isa = PBXFileReference; lastKnownFileType = image.png; path = notice_bg.png; sourceTree = "<group>"; };
		C3D6B1401A805E4100FC521B /* NoticeViewController.h */ = {isa = PBXFileReference; fileEncoding = 4; lastKnownFileType = sourcecode.c.h; path = NoticeViewController.h; sourceTree = "<group>"; };
		C3D6B1411A805E4100FC521B /* NoticeViewController.m */ = {isa = PBXFileReference; fileEncoding = 4; lastKnownFileType = sourcecode.c.objc; path = NoticeViewController.m; sourceTree = "<group>"; };
/* End PBXFileReference section */

/* Begin PBXFrameworksBuildPhase section */
		C3D6B1091A805B7800FC521B /* Frameworks */ = {
			isa = PBXFrameworksBuildPhase;
			buildActionMask = 2147483647;
			files = (
			);
			runOnlyForDeploymentPostprocessing = 0;
		};
		C3D6B1221A805B7900FC521B /* Frameworks */ = {
			isa = PBXFrameworksBuildPhase;
			buildActionMask = 2147483647;
			files = (
			);
			runOnlyForDeploymentPostprocessing = 0;
		};
/* End PBXFrameworksBuildPhase section */

/* Begin PBXGroup section */
		C3D6B1031A805B7800FC521B = {
			isa = PBXGroup;
			children = (
				C3D6B10E1A805B7900FC521B /* NoticeDemo */,
				C3D6B1281A805B7900FC521B /* NoticeDemoTests */,
				C3D6B10D1A805B7900FC521B /* Products */,
				C3D6B1351A805BE900FC521B /* Resource */,
			);
			sourceTree = "<group>";
		};
		C3D6B10D1A805B7900FC521B /* Products */ = {
			isa = PBXGroup;
			children = (
				C3D6B10C1A805B7900FC521B /* NoticeDemo.app */,
				C3D6B1251A805B7900FC521B /* NoticeDemoTests.xctest */,
			);
			name = Products;
			sourceTree = "<group>";
		};
		C3D6B10E1A805B7900FC521B /* NoticeDemo */ = {
			isa = PBXGroup;
			children = (
				C392FD6D1A81EA8000D1079A /* NoticeView.h */,
				C392FD6E1A81EA8000D1079A /* NoticeView.m */,
				C3D6B1401A805E4100FC521B /* NoticeViewController.h */,
				C3D6B1411A805E4100FC521B /* NoticeViewController.m */,
				C3D6B1131A805B7900FC521B /* AppDelegate.h */,
				C3D6B1141A805B7900FC521B /* AppDelegate.m */,
				C3D6B1161A805B7900FC521B /* ViewController.h */,
				C3D6B1171A805B7900FC521B /* ViewController.m */,
				C3D6B1191A805B7900FC521B /* Main.storyboard */,
				C3D6B11C1A805B7900FC521B /* Images.xcassets */,
				C3D6B11E1A805B7900FC521B /* LaunchScreen.xib */,
				C3D6B10F1A805B7900FC521B /* Supporting Files */,
			);
			path = NoticeDemo;
			sourceTree = "<group>";
		};
		C3D6B10F1A805B7900FC521B /* Supporting Files */ = {
			isa = PBXGroup;
			children = (
				C3D6B1101A805B7900FC521B /* Info.plist */,
				C3D6B1111A805B7900FC521B /* main.m */,
			);
			name = "Supporting Files";
			sourceTree = "<group>";
		};
		C3D6B1281A805B7900FC521B /* NoticeDemoTests */ = {
			isa = PBXGroup;
			children = (
				C3D6B12B1A805B7900FC521B /* NoticeDemoTests.m */,
				C3D6B1291A805B7900FC521B /* Supporting Files */,
			);
			path = NoticeDemoTests;
			sourceTree = "<group>";
		};
		C3D6B1291A805B7900FC521B /* Supporting Files */ = {
			isa = PBXGroup;
			children = (
				C3D6B12A1A805B7900FC521B /* Info.plist */,
			);
			name = "Supporting Files";
			sourceTree = "<group>";
		};
		C3D6B1351A805BE900FC521B /* Resource */ = {
			isa = PBXGroup;
			children = (
				C3D6B1361A805BE900FC521B /* btn_style107_normal.png */,
				C3D6B1371A805BE900FC521B /* btn_style107_press.png */,
				C3D6B1381A805BE900FC521B /* btn_style122_normal.png */,
				C3D6B1391A805BE900FC521B /* btn_style122_press.png */,
				C3D6B13A1A805BE900FC521B /* notice_bg.png */,
			);
			name = Resource;
			path = NoticeDemo/Resource;
			sourceTree = "<group>";
		};
/* End PBXGroup section */

/* Begin PBXNativeTarget section */
		C3D6B10B1A805B7800FC521B /* NoticeDemo */ = {
			isa = PBXNativeTarget;
			buildConfigurationList = C3D6B12F1A805B7900FC521B /* Build configuration list for PBXNativeTarget "NoticeDemo" */;
			buildPhases = (
				C3D6B1081A805B7800FC521B /* Sources */,
				C3D6B1091A805B7800FC521B /* Frameworks */,
				C3D6B10A1A805B7800FC521B /* Resources */,
			);
			buildRules = (
			);
			dependencies = (
			);
			name = NoticeDemo;
			productName = NoticeDemo;
			productReference = C3D6B10C1A805B7900FC521B /* NoticeDemo.app */;
			productType = "com.apple.product-type.application";
		};
		C3D6B1241A805B7900FC521B /* NoticeDemoTests */ = {
			isa = PBXNativeTarget;
			buildConfigurationList = C3D6B1321A805B7900FC521B /* Build configuration list for PBXNativeTarget "NoticeDemoTests" */;
			buildPhases = (
				C3D6B1211A805B7900FC521B /* Sources */,
				C3D6B1221A805B7900FC521B /* Frameworks */,
				C3D6B1231A805B7900FC521B /* Resources */,
			);
			buildRules = (
			);
			dependencies = (
				C3D6B1271A805B7900FC521B /* PBXTargetDependency */,
			);
			name = NoticeDemoTests;
			productName = NoticeDemoTests;
			productReference = C3D6B1251A805B7900FC521B /* NoticeDemoTests.xctest */;
			productType = "com.apple.product-type.bundle.unit-test";
		};
/* End PBXNativeTarget section */

/* Begin PBXProject section */
		C3D6B1041A805B7800FC521B /* Project object */ = {
			isa = PBXProject;
			attributes = {
				LastUpgradeCheck = 0610;
				ORGANIZATIONNAME = moyogame;
				TargetAttributes = {
					C3D6B10B1A805B7800FC521B = {
						CreatedOnToolsVersion = 6.1.1;
						DevelopmentTeam = 6LTFCUHYC8;
					};
					C3D6B1241A805B7900FC521B = {
						CreatedOnToolsVersion = 6.1.1;
						TestTargetID = C3D6B10B1A805B7800FC521B;
					};
				};
			};
			buildConfigurationList = C3D6B1071A805B7800FC521B /* Build configuration list for PBXProject "NoticeDemo" */;
			compatibilityVersion = "Xcode 3.2";
			developmentRegion = English;
			hasScannedForEncodings = 0;
			knownRegions = (
				en,
				Base,
			);
			mainGroup = C3D6B1031A805B7800FC521B;
			productRefGroup = C3D6B10D1A805B7900FC521B /* Products */;
			projectDirPath = "";
			projectRoot = "";
			targets = (
				C3D6B10B1A805B7800FC521B /* NoticeDemo */,
				C3D6B1241A805B7900FC521B /* NoticeDemoTests */,
			);
		};
/* End PBXProject section */

/* Begin PBXResourcesBuildPhase section */
		C3D6B10A1A805B7800FC521B /* Resources */ = {
			isa = PBXResourcesBuildPhase;
			buildActionMask = 2147483647;
			files = (
				C3D6B13E1A805BE900FC521B /* btn_style122_press.png in Resources */,
				C3D6B11B1A805B7900FC521B /* Main.storyboard in Resources */,
				C3D6B13F1A805BE900FC521B /* notice_bg.png in Resources */,
				C3D6B13D1A805BE900FC521B /* btn_style122_normal.png in Resources */,
				C3D6B1201A805B7900FC521B /* LaunchScreen.xib in Resources */,
				C3D6B13B1A805BE900FC521B /* btn_style107_normal.png in Resources */,
				C3D6B13C1A805BE900FC521B /* btn_style107_press.png in Resources */,
				C3D6B11D1A805B7900FC521B /* Images.xcassets in Resources */,
			);
			runOnlyForDeploymentPostprocessing = 0;
		};
		C3D6B1231A805B7900FC521B /* Resources */ = {
			isa = PBXResourcesBuildPhase;
			buildActionMask = 2147483647;
			files = (
			);
			runOnlyForDeploymentPostprocessing = 0;
		};
/* End PBXResourcesBuildPhase section */

/* Begin PBXSourcesBuildPhase section */
		C3D6B1081A805B7800FC521B /* Sources */ = {
			isa = PBXSourcesBuildPhase;
			buildActionMask = 2147483647;
			files = (
				C3D6B1181A805B7900FC521B /* ViewController.m in Sources */,
				C392FD6F1A81EA8000D1079A /* NoticeView.m in Sources */,
				C3D6B1151A805B7900FC521B /* AppDelegate.m in Sources */,
				C3D6B1421A805E4100FC521B /* NoticeViewController.m in Sources */,
				C3D6B1121A805B7900FC521B /* main.m in Sources */,
			);
			runOnlyForDeploymentPostprocessing = 0;
		};
		C3D6B1211A805B7900FC521B /* Sources */ = {
			isa = PBXSourcesBuildPhase;
			buildActionMask = 2147483647;
			files = (
				C3D6B12C1A805B7900FC521B /* NoticeDemoTests.m in Sources */,
			);
			runOnlyForDeploymentPostprocessing = 0;
		};
/* End PBXSourcesBuildPhase section */

/* Begin PBXTargetDependency section */
		C3D6B1271A805B7900FC521B /* PBXTargetDependency */ = {
			isa = PBXTargetDependency;
			target = C3D6B10B1A805B7800FC521B /* NoticeDemo */;
			targetProxy = C3D6B1261A805B7900FC521B /* PBXContainerItemProxy */;
		};
/* End PBXTargetDependency section */

/* Begin PBXVariantGroup section */
		C3D6B1191A805B7900FC521B /* Main.storyboard */ = {
			isa = PBXVariantGroup;
			children = (
				C3D6B11A1A805B7900FC521B /* Base */,
			);
			name = Main.storyboard;
			sourceTree = "<group>";
		};
		C3D6B11E1A805B7900FC521B /* LaunchScreen.xib */ = {
			isa = PBXVariantGroup;
			children = (
				C3D6B11F1A805B7900FC521B /* Base */,
			);
			name = LaunchScreen.xib;
			sourceTree = "<group>";
		};
/* End PBXVariantGroup section */

/* Begin XCBuildConfiguration section */
		C3D6B12D1A805B7900FC521B /* Debug */ = {
			isa = XCBuildConfiguration;
			buildSettings = {
				ALWAYS_SEARCH_USER_PATHS = NO;
				CLANG_CXX_LANGUAGE_STANDARD = "gnu++0x";
				CLANG_CXX_LIBRARY = "libc++";
				CLANG_ENABLE_MODULES = YES;
				CLANG_ENABLE_OBJC_ARC = YES;
				CLANG_WARN_BOOL_CONVERSION = YES;
				CLANG_WARN_CONSTANT_CONVERSION = YES;
				CLANG_WARN_DIRECT_OBJC_ISA_USAGE = YES_ERROR;
				CLANG_WARN_EMPTY_BODY = YES;
				CLANG_WARN_ENUM_CONVERSION = YES;
				CLANG_WARN_INT_CONVERSION = YES;
				CLANG_WARN_OBJC_ROOT_CLASS = YES_ERROR;
				CLANG_WARN_UNREACHABLE_CODE = YES;
				CLANG_WARN__DUPLICATE_METHOD_MATCH = YES;
				"CODE_SIGN_IDENTITY[sdk=iphoneos*]" = "iPhone Developer";
				COPY_PHASE_STRIP = NO;
				ENABLE_STRICT_OBJC_MSGSEND = YES;
				GCC_C_LANGUAGE_STANDARD = gnu99;
				GCC_DYNAMIC_NO_PIC = NO;
				GCC_OPTIMIZATION_LEVEL = 0;
				GCC_PREPROCESSOR_DEFINITIONS = (
					"DEBUG=1",
					"$(inherited)",
				);
				GCC_SYMBOLS_PRIVATE_EXTERN = NO;
				GCC_WARN_64_TO_32_BIT_CONVERSION = YES;
				GCC_WARN_ABOUT_RETURN_TYPE = YES_ERROR;
				GCC_WARN_UNDECLARED_SELECTOR = YES;
				GCC_WARN_UNINITIALIZED_AUTOS = YES_AGGRESSIVE;
				GCC_WARN_UNUSED_FUNCTION = YES;
				GCC_WARN_UNUSED_VARIABLE = YES;
				IPHONEOS_DEPLOYMENT_TARGET = 8.1;
				MTL_ENABLE_DEBUG_INFO = YES;
				ONLY_ACTIVE_ARCH = YES;
				SDKROOT = iphoneos;
			};
			name = Debug;
		};
		C3D6B12E1A805B7900FC521B /* Release */ = {
			isa = XCBuildConfiguration;
			buildSettings = {
				ALWAYS_SEARCH_USER_PATHS = NO;
				CLANG_CXX_LANGUAGE_STANDARD = "gnu++0x";
				CLANG_CXX_LIBRARY = "libc++";
				CLANG_ENABLE_MODULES = YES;
				CLANG_ENABLE_OBJC_ARC = YES;
				CLANG_WARN_BOOL_CONVERSION = YES;
				CLANG_WARN_CONSTANT_CONVERSION = YES;
				CLANG_WARN_DIRECT_OBJC_ISA_USAGE = YES_ERROR;
				CLANG_WARN_EMPTY_BODY = YES;
				CLANG_WARN_ENUM_CONVERSION = YES;
				CLANG_WARN_INT_CONVERSION = YES;
				CLANG_WARN_OBJC_ROOT_CLASS = YES_ERROR;
				CLANG_WARN_UNREACHABLE_CODE = YES;
				CLANG_WARN__DUPLICATE_METHOD_MATCH = YES;
				"CODE_SIGN_IDENTITY[sdk=iphoneos*]" = "iPhone Developer";
				COPY_PHASE_STRIP = YES;
				ENABLE_NS_ASSERTIONS = NO;
				ENABLE_STRICT_OBJC_MSGSEND = YES;
				GCC_C_LANGUAGE_STANDARD = gnu99;
				GCC_WARN_64_TO_32_BIT_CONVERSION = YES;
				GCC_WARN_ABOUT_RETURN_TYPE = YES_ERROR;
				GCC_WARN_UNDECLARED_SELECTOR = YES;
				GCC_WARN_UNINITIALIZED_AUTOS = YES_AGGRESSIVE;
				GCC_WARN_UNUSED_FUNCTION = YES;
				GCC_WARN_UNUSED_VARIABLE = YES;
				IPHONEOS_DEPLOYMENT_TARGET = 8.1;
				MTL_ENABLE_DEBUG_INFO = NO;
				SDKROOT = iphoneos;
				VALIDATE_PRODUCT = YES;
			};
			name = Release;
		};
		C3D6B1301A805B7900FC521B /* Debug */ = {
			isa = XCBuildConfiguration;
			buildSettings = {
				ASSETCATALOG_COMPILER_APPICON_NAME = AppIcon;
				CODE_SIGN_IDENTITY = "iPhone Developer";
				"CODE_SIGN_IDENTITY[sdk=iphoneos*]" = "iPhone Developer";
				INFOPLIST_FILE = NoticeDemo/Info.plist;
				IPHONEOS_DEPLOYMENT_TARGET = 6.0;
				LD_RUNPATH_SEARCH_PATHS = "$(inherited) @executable_path/Frameworks";
				PRODUCT_NAME = "$(TARGET_NAME)";
				PROVISIONING_PROFILE = "";
			};
			name = Debug;
		};
		C3D6B1311A805B7900FC521B /* Release */ = {
			isa = XCBuildConfiguration;
			buildSettings = {
				ASSETCATALOG_COMPILER_APPICON_NAME = AppIcon;
				CODE_SIGN_IDENTITY = "iPhone Developer";
				"CODE_SIGN_IDENTITY[sdk=iphoneos*]" = "iPhone Developer";
				INFOPLIST_FILE = NoticeDemo/Info.plist;
				IPHONEOS_DEPLOYMENT_TARGET = 6.0;
				LD_RUNPATH_SEARCH_PATHS = "$(inherited) @executable_path/Frameworks";
				PRODUCT_NAME = "$(TARGET_NAME)";
				PROVISIONING_PROFILE = "";
			};
			name = Release;
		};
		C3D6B1331A805B7900FC521B /* Debug */ = {
			isa = XCBuildConfiguration;
			buildSettings = {
				BUNDLE_LOADER = "$(TEST_HOST)";
				FRAMEWORK_SEARCH_PATHS = (
					"$(SDKROOT)/Developer/Library/Frameworks",
					"$(inherited)",
				);
				GCC_PREPROCESSOR_DEFINITIONS = (
					"DEBUG=1",
					"$(inherited)",
				);
				INFOPLIST_FILE = NoticeDemoTests/Info.plist;
				LD_RUNPATH_SEARCH_PATHS = "$(inherited) @executable_path/Frameworks @loader_path/Frameworks";
				PRODUCT_NAME = "$(TARGET_NAME)";
				TEST_HOST = "$(BUILT_PRODUCTS_DIR)/NoticeDemo.app/NoticeDemo";
			};
			name = Debug;
		};
		C3D6B1341A805B7900FC521B /* Release */ = {
			isa = XCBuildConfiguration;
			buildSettings = {
				BUNDLE_LOADER = "$(TEST_HOST)";
				FRAMEWORK_SEARCH_PATHS = (
					"$(SDKROOT)/Developer/Library/Frameworks",
					"$(inherited)",
				);
				INFOPLIST_FILE = NoticeDemoTests/Info.plist;
				LD_RUNPATH_SEARCH_PATHS = "$(inherited) @executable_path/Frameworks @loader_path/Frameworks";
				PRODUCT_NAME = "$(TARGET_NAME)";
				TEST_HOST = "$(BUILT_PRODUCTS_DIR)/NoticeDemo.app/NoticeDemo";
			};
			name = Release;
		};
/* End XCBuildConfiguration section */

/* Begin XCConfigurationList section */
		C3D6B1071A805B7800FC521B /* Build configuration list for PBXProject "NoticeDemo" */ = {
			isa = XCConfigurationList;
			buildConfigurations = (
				C3D6B12D1A805B7900FC521B /* Debug */,
				C3D6B12E1A805B7900FC521B /* Release */,
			);
			defaultConfigurationIsVisible = 0;
			defaultConfigurationName = Release;
		};
		C3D6B12F1A805B7900FC521B /* Build configuration list for PBXNativeTarget "NoticeDemo" */ = {
			isa = XCConfigurationList;
			buildConfigurations = (
				C3D6B1301A805B7900FC521B /* Debug */,
				C3D6B1311A805B7900FC521B /* Release */,
			);
			defaultConfigurationIsVisible = 0;
			defaultConfigurationName = Release;
		};
		C3D6B1321A805B7900FC521B /* Build configuration list for PBXNativeTarget "NoticeDemoTests" */ = {
			isa = XCConfigurationList;
			buildConfigurations = (
				C3D6B1331A805B7900FC521B /* Debug */,
				C3D6B1341A805B7900FC521B /* Release */,
			);
			defaultConfigurationIsVisible = 0;
			defaultConfigurationName = Release;
		};
/* End XCConfigurationList section */
	};
	rootObject = C3D6B1041A805B7800FC521B /* Project object */;
}
